
Microsoft Visual Studio Solution File, Format Version 12.00
# Visual Studio Version 17
VisualStudioVersion = 17.6.33723.286
MinimumVisualStudioVersion = 10.0.40219.1
Project("{FAE04EC0-301F-11D3-BF4B-00C04F79EFBC}") = "azfunction", "azfunction.csproj", "{64A1905C-6A6D-402C-B0F7-4AE55470E703}"
EndProject
Global
	GlobalSection(SolutionConfigurationPlatforms) = preSolution
		Debug|Any CPU = Debug|Any CPU
		Release|Any CPU = Release|Any CPU
	EndGlobalSection
	GlobalSection(ProjectConfigurationPlatforms) = postSolution
		{64A1905C-6A6D-402C-B0F7-4AE55470E703}.Debug|Any CPU.ActiveCfg = Debug|Any CPU
		{64A1905C-6A6D-402C-B0F7-4AE55470E703}.Debug|Any CPU.Build.0 = Debug|Any CPU
		{64A1905C-6A6D-402C-B0F7-4AE55470E703}.Release|Any CPU.ActiveCfg = Release|Any CPU
		{64A1905C-6A6D-402C-B0F7-4AE55470E703}.Release|Any CPU.Build.0 = Release|Any CPU
	EndGlobalSection
	GlobalSection(SolutionProperties) = preSolution
		HideSolutionNode = FALSE
	EndGlobalSection
	GlobalSection(ExtensibilityGlobals) = postSolution
		SolutionGuid = {A7B0FE56-1811-44D5-B55F-07DE0DD598EA}
	EndGlobalSection
EndGlobal
