
Microsoft Visual Studio Solution File, Format Version 12.00
# Visual Studio Version 17
VisualStudioVersion = 17.5.33424.131
MinimumVisualStudioVersion = 10.0.40219.1
Project("{2150E333-8FDC-42A3-9474-1A3956D46DE8}") = "Carmen", "Carmen", "{F05644B6-E194-4EAD-A6DC-EDA2FEA4E429}"
EndProject
Project("{2150E333-8FDC-42A3-9474-1A3956D46DE8}") = "Crina", "Crina", "{FB2B2C23-55DB-4A30-83F4-125F23420297}"
	ProjectSection(SolutionItems) = preProject
		Crina\TODO.txt = Crina\TODO.txt
	EndProjectSection
EndProject
Project("{2150E333-8FDC-42A3-9474-1A3956D46DE8}") = "Liviu", "Liviu", "{49234E1A-B69F-4F5E-9BB4-566054E142AD}"
EndProject
Project("{2150E333-8FDC-42A3-9474-1A3956D46DE8}") = "Rares", "Rares", "{667C9E70-DD30-4BF1-8312-214F31575F2E}"
	ProjectSection(SolutionItems) = preProject
		Rares\TODO.txt = Rares\TODO.txt
	EndProjectSection
EndProject
Project("{9A19103F-16F7-4668-BE54-9A1E7A4F7556}") = "WebApp", "Carmen\WebApp\WebApp.csproj", "{3EC40DB1-EC16-4F9E-88F0-28CF127D3ED0}"
EndProject
Project("{2150E333-8FDC-42A3-9474-1A3956D46DE8}") = "CosmosDB", "CosmosDB", "{BFB036CA-1816-418B-B97F-ADFA196EB2F9}"
EndProject
Project("{2150E333-8FDC-42A3-9474-1A3956D46DE8}") = "Notes&Instructions", "Notes&Instructions", "{7EC47984-F22D-472D-9871-C78FD2A20F20}"
	ProjectSection(SolutionItems) = preProject
		Liviu\CosmosDB\Notes&Instructions\CosmosDB.txt = Liviu\CosmosDB\Notes&Instructions\CosmosDB.txt
		Liviu\CosmosDB\Notes&Instructions\Readme.txt = Liviu\CosmosDB\Notes&Instructions\Readme.txt
	EndProjectSection
EndProject
Project("{2150E333-8FDC-42A3-9474-1A3956D46DE8}") = "Sources", "Sources", "{D26B4A21-E8A9-4725-AD9E-2355C0B550F0}"
EndProject
Project("{9A19103F-16F7-4668-BE54-9A1E7A4F7556}") = "CosmosDB", "Liviu\CosmosDB\Sources\CosmosDB\CosmosDB.csproj", "{032B9E58-FB76-4442-AB6C-3F35B74107A3}"
EndProject
Project("{2150E333-8FDC-42A3-9474-1A3956D46DE8}") = "StorageAccount", "StorageAccount", "{90FA9FA8-2783-483D-9968-E57D90B4296E}"
EndProject
Project("{2150E333-8FDC-42A3-9474-1A3956D46DE8}") = "Notes&Instructions", "Notes&Instructions", "{71A625B8-55C1-4492-86E4-2A05A1E4E1D9}"
	ProjectSection(SolutionItems) = preProject
		Liviu\StorageAccount\StorageAccountNotes.txt = Liviu\StorageAccount\StorageAccountNotes.txt
	EndProjectSection
EndProject
Project("{2150E333-8FDC-42A3-9474-1A3956D46DE8}") = "Sources", "Sources", "{63DE0F50-71D1-4498-BC85-A8DE535475F5}"
EndProject
Project("{9A19103F-16F7-4668-BE54-9A1E7A4F7556}") = "StorageAccountApp", "Liviu\StorageAccount\StorageAccountApp\StorageAccountApp.csproj", "{96C928A2-2B63-483D-A810-F75545BBFD03}"
EndProject
Project("{2150E333-8FDC-42A3-9474-1A3956D46DE8}") = "AzureSecurity", "AzureSecurity", "{4A639ACC-4867-4101-9EF5-6024DAC6B0BF}"
EndProject
Project("{2150E333-8FDC-42A3-9474-1A3956D46DE8}") = "Notes&Instructions", "Notes&Instructions", "{E2DB1555-AF3B-49B6-9CB0-2E7B272021E1}"
	ProjectSection(SolutionItems) = preProject
		Liviu\AzureAD\AuthenticationAndAuthorization.txt = Liviu\AzureAD\AuthenticationAndAuthorization.txt
		Liviu\AzureAD\AzureSecurity.txt = Liviu\AzureAD\AzureSecurity.txt
	EndProjectSection
EndProject
Project("{2150E333-8FDC-42A3-9474-1A3956D46DE8}") = "Sources", "Sources", "{FC868821-074F-4701-B815-AA46111F84B0}"
EndProject
Project("{9A19103F-16F7-4668-BE54-9A1E7A4F7556}") = "AzureSecurity", "Liviu\AzureAD\AzureSecurity\AzureSecurity.csproj", "{FCF21EF6-5E22-4679-B7C1-846C1672DCEF}"
EndProject
Project("{2150E333-8FDC-42A3-9474-1A3956D46DE8}") = "Labs", "Labs", "{7DF30B9B-E520-4F5F-95E2-52A903259BD5}"
	ProjectSection(SolutionItems) = preProject
		Carmen\Labs\AppService.md = Carmen\Labs\AppService.md
		Carmen\Labs\StorageAccount.md = Carmen\Labs\StorageAccount.md
		Carmen\Labs\Security.md = Carmen\Labs\Security.md
	EndProjectSection
EndProject
Project("{2150E333-8FDC-42A3-9474-1A3956D46DE8}") = "Images", "Images", "{B9328774-E9E6-42B4-A1DF-B4477DE545CF}"
EndProject
Project("{9A19103F-16F7-4668-BE54-9A1E7A4F7556}") = "AuthAzureApp", "Liviu\AzureAD\AuthAzureApp\AuthAzureApp.csproj", "{FAF97B6C-452B-4D8D-86C0-6CAE1F22BFC7}"
EndProject
Project("{9A19103F-16F7-4668-BE54-9A1E7A4F7556}") = "MyWebApi", "Liviu\AzureAD\MyWebApi\MyWebApi.csproj", "{29B32F58-9550-41AD-912D-F984E1FEC9BD}"
EndProject
Project("{2150E333-8FDC-42A3-9474-1A3956D46DE8}") = "PostmanCalls", "PostmanCalls", "{88091778-D16B-4193-99A7-C7143C761D78}"
	ProjectSection(SolutionItems) = preProject
		Liviu\Postman\Collections\Az - 204.postman_collection.json = Liviu\Postman\Collections\Az - 204.postman_collection.json
		Liviu\Postman\Environments\AzureEnv.postman_environment.json = Liviu\Postman\Environments\AzureEnv.postman_environment.json
	EndProjectSection
EndProject
Project("{2150E333-8FDC-42A3-9474-1A3956D46DE8}") = "Daniela", "Daniela", "{BAA2BFBF-5FA0-46A3-A123-219608025F66}"
EndProject
Project("{2150E333-8FDC-42A3-9474-1A3956D46DE8}") = "Security", "Security", "{871DF103-ED20-4A5B-B643-3B911E559C32}"
	ProjectSection(SolutionItems) = preProject
		Daniela\Security\Notes.txt = Daniela\Security\Notes.txt
	EndProjectSection
EndProject
Project("{2150E333-8FDC-42A3-9474-1A3956D46DE8}") = "AppService", "AppService", "{C4AD6930-8D85-456D-A25A-DF720599D7E2}"
EndProject
Project("{2150E333-8FDC-42A3-9474-1A3956D46DE8}") = "sqlapp", "sqlapp", "{62B663DF-3C22-405A-B74E-98BA6BDD5296}"
EndProject
Project("{9A19103F-16F7-4668-BE54-9A1E7A4F7556}") = "sqlapp", "Daniela\AppService\sqlapp\sqlapp\sqlapp.csproj", "{D65A64F2-9F79-4A3A-B7E4-8DD48AAB377F}"
EndProject
Project("{2150E333-8FDC-42A3-9474-1A3956D46DE8}") = "Application Object", "Application Object", "{BD8DB4B7-2ABA-404A-BBBB-3A4800575402}"
EndProject
Project("{9A19103F-16F7-4668-BE54-9A1E7A4F7556}") = "ApplicationObject", "Daniela\Security\Applictaion Object\ApplicationObject\ApplicationObject.csproj", "{F95C1F89-70E8-4B58-995D-8A279A840A21}"
EndProject
Project("{2150E333-8FDC-42A3-9474-1A3956D46DE8}") = "AppService", "AppService", "{8807D618-FE10-4FDA-98CA-CFAFFBA5F94D}"
	ProjectSection(SolutionItems) = preProject
		Carmen\Labs\Images\AppService\ApplicationFolder.PNG = Carmen\Labs\Images\AppService\ApplicationFolder.PNG
		Carmen\Labs\Images\AppService\DeploymentInTestFolder.PNG = Carmen\Labs\Images\AppService\DeploymentInTestFolder.PNG
		Carmen\Labs\Images\AppService\ErrorWhenPublish.PNG = Carmen\Labs\Images\AppService\ErrorWhenPublish.PNG
		Carmen\Labs\Images\AppService\IISLaunchApp.PNG = Carmen\Labs\Images\AppService\IISLaunchApp.PNG
		Carmen\Labs\Images\AppService\LinuxConfigOptions.PNG = Carmen\Labs\Images\AppService\LinuxConfigOptions.PNG
		Carmen\Labs\Images\AppService\SuccessfulDeploymentAppService.PNG = Carmen\Labs\Images\AppService\SuccessfulDeploymentAppService.PNG
		Carmen\Labs\Images\AppService\WindowsConfigOptions.PNG = Carmen\Labs\Images\AppService\WindowsConfigOptions.PNG
	EndProjectSection
EndProject
Project("{2150E333-8FDC-42A3-9474-1A3956D46DE8}") = "StorageAccount", "StorageAccount", "{03BADF27-B69A-4197-A6BA-DA11C15DB945}"
	ProjectSection(SolutionItems) = preProject
		Carmen\Labs\Images\StorageAccount\ReadBloAccessibility.PNG = Carmen\Labs\Images\StorageAccount\ReadBloAccessibility.PNG
	EndProjectSection
EndProject
Project("{9A19103F-16F7-4668-BE54-9A1E7A4F7556}") = "BlobApp", "Carmen\BlobApp\BlobApp.csproj", "{554D3D17-6038-41C1-9E95-D2F88BE3AB64}"
EndProject
Project("{2150E333-8FDC-42A3-9474-1A3956D46DE8}") = "Labs", "Labs", "{F203D265-7257-4DC4-8F82-025D126057FE}"
	ProjectSection(SolutionItems) = preProject
		Daniela\Labs\SecurityInAD_MicrosoftGraph.md = Daniela\Labs\SecurityInAD_MicrosoftGraph.md
		Daniela\Labs\SecurityInAD_User_Roles_ApplicationObject.md = Daniela\Labs\SecurityInAD_User_Roles_ApplicationObject.md
		Daniela\Labs\StaticHTMLWebAppUsingAzureCloudShell.txt = Daniela\Labs\StaticHTMLWebAppUsingAzureCloudShell.txt
	EndProjectSection
EndProject
Project("{2150E333-8FDC-42A3-9474-1A3956D46DE8}") = "Images", "Images", "{A964EFEA-C8C0-4BB1-89A6-0D35CCC73837}"
EndProject
Project("{2150E333-8FDC-42A3-9474-1A3956D46DE8}") = "Security", "Security", "{03504249-5AE0-4695-9CE1-5D65A2AAF0A2}"
	ProjectSection(SolutionItems) = preProject
		Daniela\Labs\Images\Secutity\AllUsers.PNG = Daniela\Labs\Images\Secutity\AllUsers.PNG
		Daniela\Labs\Images\Secutity\ApplicationObjectClientSecret.PNG = Daniela\Labs\Images\Secutity\ApplicationObjectClientSecret.PNG
		Daniela\Labs\Images\Secutity\ApplicationObjectTenantidClientId.PNG = Daniela\Labs\Images\Secutity\ApplicationObjectTenantidClientId.PNG
		Daniela\Labs\Images\Secutity\AzureActiveDirectory.PNG = Daniela\Labs\Images\Secutity\AzureActiveDirectory.PNG
		Daniela\Labs\Images\Secutity\container.PNG = Daniela\Labs\Images\Secutity\container.PNG
		Daniela\Labs\Images\Secutity\CreateInternalUser.PNG = Daniela\Labs\Images\Secutity\CreateInternalUser.PNG
		Daniela\Labs\Images\Secutity\RegisterApp.PNG = Daniela\Labs\Images\Secutity\RegisterApp.PNG
		Daniela\Labs\Images\Secutity\SelectMembberTestDaniela.PNG = Daniela\Labs\Images\Secutity\SelectMembberTestDaniela.PNG
		Daniela\Labs\Images\Secutity\SelectMember.PNG = Daniela\Labs\Images\Secutity\SelectMember.PNG
		Daniela\Labs\Images\Secutity\StorageAccountAccessControl.PNG = Daniela\Labs\Images\Secutity\StorageAccountAccessControl.PNG
		Daniela\Labs\Images\Secutity\StorageAccountAccessRoleRoleAssignment.PNG = Daniela\Labs\Images\Secutity\StorageAccountAccessRoleRoleAssignment.PNG
		Daniela\Labs\Images\Secutity\StorageAccountAddRoleAssignmentToAppObject.PNG = Daniela\Labs\Images\Secutity\StorageAccountAddRoleAssignmentToAppObject.PNG
		Daniela\Labs\Images\Secutity\StorageAccountContainerFile.PNG = Daniela\Labs\Images\Secutity\StorageAccountContainerFile.PNG
	EndProjectSection
EndProject
Project("{9A19103F-16F7-4668-BE54-9A1E7A4F7556}") = "azfunction", "Rares\azfunction\azfunction.csproj", "{103BD185-6DD1-47E1-B320-0018D06EC757}"
EndProject
Project("{9A19103F-16F7-4668-BE54-9A1E7A4F7556}") = "BlobApp", "Rares\BlobApp\BlobApp\BlobApp.csproj", "{2D8D2ADA-B17C-4D6E-974A-7673D235863E}"
EndProject
Project("{9A19103F-16F7-4668-BE54-9A1E7A4F7556}") = "sqlapp", "Rares\sqlapp\sqlapp\sqlapp.csproj", "{68D929A8-1E6B-44E0-9658-AD4ED96EC669}"
EndProject
Project("{9A19103F-16F7-4668-BE54-9A1E7A4F7556}") = "sqlfunction", "Rares\sqlfunction\sqlfunction\sqlfunction.csproj", "{40A52F3D-1F37-4241-9198-13A374E625C6}"
EndProject
Project("{2150E333-8FDC-42A3-9474-1A3956D46DE8}") = "MonitorTroubleshootOptimize", "MonitorTroubleshootOptimize", "{A59579B3-32C7-45D0-8C14-6B9EB637D721}"
	ProjectSection(SolutionItems) = preProject
		Liviu\MonitorTroubleshootOptimize\ArmTemplateCreateActionGroup.txt = Liviu\MonitorTroubleshootOptimize\ArmTemplateCreateActionGroup.txt
		Liviu\MonitorTroubleshootOptimize\ArmTemplateCreateAlert.txt = Liviu\MonitorTroubleshootOptimize\ArmTemplateCreateAlert.txt
		Liviu\MonitorTroubleshootOptimize\Notes.txt = Liviu\MonitorTroubleshootOptimize\Notes.txt
	EndProjectSection
EndProject
Project("{FAE04EC0-301F-11D3-BF4B-00C04F79EFBC}") = "VaultApp", "Carmen\VaultApp\VaultApp.csproj", "{7982092B-82D8-4BA3-8AFA-81544935A66A}"
EndProject
Global
	GlobalSection(SolutionConfigurationPlatforms) = preSolution
		Debug|Any CPU = Debug|Any CPU
		Release|Any CPU = Release|Any CPU
	EndGlobalSection
	GlobalSection(ProjectConfigurationPlatforms) = postSolution
		{3EC40DB1-EC16-4F9E-88F0-28CF127D3ED0}.Debug|Any CPU.ActiveCfg = Debug|Any CPU
		{3EC40DB1-EC16-4F9E-88F0-28CF127D3ED0}.Debug|Any CPU.Build.0 = Debug|Any CPU
		{3EC40DB1-EC16-4F9E-88F0-28CF127D3ED0}.Release|Any CPU.ActiveCfg = Release|Any CPU
		{3EC40DB1-EC16-4F9E-88F0-28CF127D3ED0}.Release|Any CPU.Build.0 = Release|Any CPU
		{032B9E58-FB76-4442-AB6C-3F35B74107A3}.Debug|Any CPU.ActiveCfg = Debug|Any CPU
		{032B9E58-FB76-4442-AB6C-3F35B74107A3}.Debug|Any CPU.Build.0 = Debug|Any CPU
		{032B9E58-FB76-4442-AB6C-3F35B74107A3}.Release|Any CPU.ActiveCfg = Release|Any CPU
		{032B9E58-FB76-4442-AB6C-3F35B74107A3}.Release|Any CPU.Build.0 = Release|Any CPU
		{96C928A2-2B63-483D-A810-F75545BBFD03}.Debug|Any CPU.ActiveCfg = Debug|Any CPU
		{96C928A2-2B63-483D-A810-F75545BBFD03}.Debug|Any CPU.Build.0 = Debug|Any CPU
		{96C928A2-2B63-483D-A810-F75545BBFD03}.Release|Any CPU.ActiveCfg = Release|Any CPU
		{96C928A2-2B63-483D-A810-F75545BBFD03}.Release|Any CPU.Build.0 = Release|Any CPU
		{FCF21EF6-5E22-4679-B7C1-846C1672DCEF}.Debug|Any CPU.ActiveCfg = Debug|Any CPU
		{FCF21EF6-5E22-4679-B7C1-846C1672DCEF}.Debug|Any CPU.Build.0 = Debug|Any CPU
		{FCF21EF6-5E22-4679-B7C1-846C1672DCEF}.Release|Any CPU.ActiveCfg = Release|Any CPU
		{FCF21EF6-5E22-4679-B7C1-846C1672DCEF}.Release|Any CPU.Build.0 = Release|Any CPU
		{FAF97B6C-452B-4D8D-86C0-6CAE1F22BFC7}.Debug|Any CPU.ActiveCfg = Debug|Any CPU
		{FAF97B6C-452B-4D8D-86C0-6CAE1F22BFC7}.Debug|Any CPU.Build.0 = Debug|Any CPU
		{FAF97B6C-452B-4D8D-86C0-6CAE1F22BFC7}.Release|Any CPU.ActiveCfg = Release|Any CPU
		{FAF97B6C-452B-4D8D-86C0-6CAE1F22BFC7}.Release|Any CPU.Build.0 = Release|Any CPU
		{29B32F58-9550-41AD-912D-F984E1FEC9BD}.Debug|Any CPU.ActiveCfg = Debug|Any CPU
		{29B32F58-9550-41AD-912D-F984E1FEC9BD}.Debug|Any CPU.Build.0 = Debug|Any CPU
		{29B32F58-9550-41AD-912D-F984E1FEC9BD}.Release|Any CPU.ActiveCfg = Release|Any CPU
		{29B32F58-9550-41AD-912D-F984E1FEC9BD}.Release|Any CPU.Build.0 = Release|Any CPU
		{D65A64F2-9F79-4A3A-B7E4-8DD48AAB377F}.Debug|Any CPU.ActiveCfg = Debug|Any CPU
		{D65A64F2-9F79-4A3A-B7E4-8DD48AAB377F}.Debug|Any CPU.Build.0 = Debug|Any CPU
		{D65A64F2-9F79-4A3A-B7E4-8DD48AAB377F}.Release|Any CPU.ActiveCfg = Release|Any CPU
		{D65A64F2-9F79-4A3A-B7E4-8DD48AAB377F}.Release|Any CPU.Build.0 = Release|Any CPU
		{F95C1F89-70E8-4B58-995D-8A279A840A21}.Debug|Any CPU.ActiveCfg = Debug|Any CPU
		{F95C1F89-70E8-4B58-995D-8A279A840A21}.Debug|Any CPU.Build.0 = Debug|Any CPU
		{F95C1F89-70E8-4B58-995D-8A279A840A21}.Release|Any CPU.ActiveCfg = Release|Any CPU
		{F95C1F89-70E8-4B58-995D-8A279A840A21}.Release|Any CPU.Build.0 = Release|Any CPU
		{554D3D17-6038-41C1-9E95-D2F88BE3AB64}.Debug|Any CPU.ActiveCfg = Debug|Any CPU
		{554D3D17-6038-41C1-9E95-D2F88BE3AB64}.Debug|Any CPU.Build.0 = Debug|Any CPU
		{554D3D17-6038-41C1-9E95-D2F88BE3AB64}.Release|Any CPU.ActiveCfg = Release|Any CPU
		{554D3D17-6038-41C1-9E95-D2F88BE3AB64}.Release|Any CPU.Build.0 = Release|Any CPU
		{103BD185-6DD1-47E1-B320-0018D06EC757}.Debug|Any CPU.ActiveCfg = Debug|Any CPU
		{103BD185-6DD1-47E1-B320-0018D06EC757}.Debug|Any CPU.Build.0 = Debug|Any CPU
		{103BD185-6DD1-47E1-B320-0018D06EC757}.Release|Any CPU.ActiveCfg = Release|Any CPU
		{103BD185-6DD1-47E1-B320-0018D06EC757}.Release|Any CPU.Build.0 = Release|Any CPU
		{2D8D2ADA-B17C-4D6E-974A-7673D235863E}.Debug|Any CPU.ActiveCfg = Debug|Any CPU
		{2D8D2ADA-B17C-4D6E-974A-7673D235863E}.Debug|Any CPU.Build.0 = Debug|Any CPU
		{2D8D2ADA-B17C-4D6E-974A-7673D235863E}.Release|Any CPU.ActiveCfg = Release|Any CPU
		{2D8D2ADA-B17C-4D6E-974A-7673D235863E}.Release|Any CPU.Build.0 = Release|Any CPU
		{68D929A8-1E6B-44E0-9658-AD4ED96EC669}.Debug|Any CPU.ActiveCfg = Debug|Any CPU
		{68D929A8-1E6B-44E0-9658-AD4ED96EC669}.Debug|Any CPU.Build.0 = Debug|Any CPU
		{68D929A8-1E6B-44E0-9658-AD4ED96EC669}.Release|Any CPU.ActiveCfg = Release|Any CPU
		{68D929A8-1E6B-44E0-9658-AD4ED96EC669}.Release|Any CPU.Build.0 = Release|Any CPU
		{40A52F3D-1F37-4241-9198-13A374E625C6}.Debug|Any CPU.ActiveCfg = Debug|Any CPU
		{40A52F3D-1F37-4241-9198-13A374E625C6}.Debug|Any CPU.Build.0 = Debug|Any CPU
		{40A52F3D-1F37-4241-9198-13A374E625C6}.Release|Any CPU.ActiveCfg = Release|Any CPU
		{40A52F3D-1F37-4241-9198-13A374E625C6}.Release|Any CPU.Build.0 = Release|Any CPU
		{7982092B-82D8-4BA3-8AFA-81544935A66A}.Debug|Any CPU.ActiveCfg = Debug|Any CPU
		{7982092B-82D8-4BA3-8AFA-81544935A66A}.Debug|Any CPU.Build.0 = Debug|Any CPU
		{7982092B-82D8-4BA3-8AFA-81544935A66A}.Release|Any CPU.ActiveCfg = Release|Any CPU
		{7982092B-82D8-4BA3-8AFA-81544935A66A}.Release|Any CPU.Build.0 = Release|Any CPU
	EndGlobalSection
	GlobalSection(SolutionProperties) = preSolution
		HideSolutionNode = FALSE
	EndGlobalSection
	GlobalSection(NestedProjects) = preSolution
		{3EC40DB1-EC16-4F9E-88F0-28CF127D3ED0} = {F05644B6-E194-4EAD-A6DC-EDA2FEA4E429}
		{BFB036CA-1816-418B-B97F-ADFA196EB2F9} = {49234E1A-B69F-4F5E-9BB4-566054E142AD}
		{7EC47984-F22D-472D-9871-C78FD2A20F20} = {BFB036CA-1816-418B-B97F-ADFA196EB2F9}
		{D26B4A21-E8A9-4725-AD9E-2355C0B550F0} = {BFB036CA-1816-418B-B97F-ADFA196EB2F9}
		{032B9E58-FB76-4442-AB6C-3F35B74107A3} = {D26B4A21-E8A9-4725-AD9E-2355C0B550F0}
		{90FA9FA8-2783-483D-9968-E57D90B4296E} = {49234E1A-B69F-4F5E-9BB4-566054E142AD}
		{71A625B8-55C1-4492-86E4-2A05A1E4E1D9} = {90FA9FA8-2783-483D-9968-E57D90B4296E}
		{63DE0F50-71D1-4498-BC85-A8DE535475F5} = {90FA9FA8-2783-483D-9968-E57D90B4296E}
		{96C928A2-2B63-483D-A810-F75545BBFD03} = {63DE0F50-71D1-4498-BC85-A8DE535475F5}
		{4A639ACC-4867-4101-9EF5-6024DAC6B0BF} = {49234E1A-B69F-4F5E-9BB4-566054E142AD}
		{E2DB1555-AF3B-49B6-9CB0-2E7B272021E1} = {4A639ACC-4867-4101-9EF5-6024DAC6B0BF}
		{FC868821-074F-4701-B815-AA46111F84B0} = {4A639ACC-4867-4101-9EF5-6024DAC6B0BF}
		{FCF21EF6-5E22-4679-B7C1-846C1672DCEF} = {FC868821-074F-4701-B815-AA46111F84B0}
		{7DF30B9B-E520-4F5F-95E2-52A903259BD5} = {F05644B6-E194-4EAD-A6DC-EDA2FEA4E429}
		{B9328774-E9E6-42B4-A1DF-B4477DE545CF} = {7DF30B9B-E520-4F5F-95E2-52A903259BD5}
		{FAF97B6C-452B-4D8D-86C0-6CAE1F22BFC7} = {FC868821-074F-4701-B815-AA46111F84B0}
		{29B32F58-9550-41AD-912D-F984E1FEC9BD} = {FC868821-074F-4701-B815-AA46111F84B0}
		{88091778-D16B-4193-99A7-C7143C761D78} = {49234E1A-B69F-4F5E-9BB4-566054E142AD}
		{871DF103-ED20-4A5B-B643-3B911E559C32} = {BAA2BFBF-5FA0-46A3-A123-219608025F66}
		{C4AD6930-8D85-456D-A25A-DF720599D7E2} = {BAA2BFBF-5FA0-46A3-A123-219608025F66}
		{62B663DF-3C22-405A-B74E-98BA6BDD5296} = {C4AD6930-8D85-456D-A25A-DF720599D7E2}
		{D65A64F2-9F79-4A3A-B7E4-8DD48AAB377F} = {62B663DF-3C22-405A-B74E-98BA6BDD5296}
		{BD8DB4B7-2ABA-404A-BBBB-3A4800575402} = {871DF103-ED20-4A5B-B643-3B911E559C32}
		{F95C1F89-70E8-4B58-995D-8A279A840A21} = {BD8DB4B7-2ABA-404A-BBBB-3A4800575402}
		{8807D618-FE10-4FDA-98CA-CFAFFBA5F94D} = {B9328774-E9E6-42B4-A1DF-B4477DE545CF}
		{03BADF27-B69A-4197-A6BA-DA11C15DB945} = {B9328774-E9E6-42B4-A1DF-B4477DE545CF}
		{554D3D17-6038-41C1-9E95-D2F88BE3AB64} = {F05644B6-E194-4EAD-A6DC-EDA2FEA4E429}
		{F203D265-7257-4DC4-8F82-025D126057FE} = {BAA2BFBF-5FA0-46A3-A123-219608025F66}
		{A964EFEA-C8C0-4BB1-89A6-0D35CCC73837} = {F203D265-7257-4DC4-8F82-025D126057FE}
		{03504249-5AE0-4695-9CE1-5D65A2AAF0A2} = {A964EFEA-C8C0-4BB1-89A6-0D35CCC73837}
		{103BD185-6DD1-47E1-B320-0018D06EC757} = {667C9E70-DD30-4BF1-8312-214F31575F2E}
		{2D8D2ADA-B17C-4D6E-974A-7673D235863E} = {667C9E70-DD30-4BF1-8312-214F31575F2E}
		{68D929A8-1E6B-44E0-9658-AD4ED96EC669} = {667C9E70-DD30-4BF1-8312-214F31575F2E}
		{40A52F3D-1F37-4241-9198-13A374E625C6} = {667C9E70-DD30-4BF1-8312-214F31575F2E}
		{A59579B3-32C7-45D0-8C14-6B9EB637D721} = {49234E1A-B69F-4F5E-9BB4-566054E142AD}
		{7982092B-82D8-4BA3-8AFA-81544935A66A} = {F05644B6-E194-4EAD-A6DC-EDA2FEA4E429}
	EndGlobalSection
	GlobalSection(ExtensibilityGlobals) = postSolution
		SolutionGuid = {C999FAEA-5E05-4D11-9E89-12C32B899FB4}
	EndGlobalSection
EndGlobal
