
Microsoft Visual Studio Solution File, Format Version 12.00
# Visual Studio Version 17
VisualStudioVersion = 17.5.33424.131
MinimumVisualStudioVersion = 10.0.40219.1
Project("{2150E333-8FDC-42A3-9474-1A3956D46DE8}") = "Carmen", "Carmen", "{F05644B6-E194-4EAD-A6DC-EDA2FEA4E429}"
EndProject
Project("{2150E333-8FDC-42A3-9474-1A3956D46DE8}") = "Crina", "Crina", "{FB2B2C23-55DB-4A30-83F4-125F23420297}"
	ProjectSection(SolutionItems) = preProject
		Crina\TODO.txt = Crina\TODO.txt
	EndProjectSection
EndProject
Project("{2150E333-8FDC-42A3-9474-1A3956D46DE8}") = "Liviu", "Liviu", "{49234E1A-B69F-4F5E-9BB4-566054E142AD}"
EndProject
Project("{2150E333-8FDC-42A3-9474-1A3956D46DE8}") = "Rares", "Rares", "{667C9E70-DD30-4BF1-8312-214F31575F2E}"
	ProjectSection(SolutionItems) = preProject
		Rares\TODO.txt = Rares\TODO.txt
	EndProjectSection
EndProject
Project("{9A19103F-16F7-4668-BE54-9A1E7A4F7556}") = "WebApp", "Carmen\WebApp\WebApp.csproj", "{3EC40DB1-EC16-4F9E-88F0-28CF127D3ED0}"
EndProject
Project("{2150E333-8FDC-42A3-9474-1A3956D46DE8}") = "CosmosDB", "CosmosDB", "{BFB036CA-1816-418B-B97F-ADFA196EB2F9}"
EndProject
Project("{2150E333-8FDC-42A3-9474-1A3956D46DE8}") = "Notes&Instructions", "Notes&Instructions", "{7EC47984-F22D-472D-9871-C78FD2A20F20}"
	ProjectSection(SolutionItems) = preProject
		Liviu\CosmosDB\Notes&Instructions\CosmosDB.txt = Liviu\CosmosDB\Notes&Instructions\CosmosDB.txt
		Liviu\CosmosDB\Notes&Instructions\Readme.txt = Liviu\CosmosDB\Notes&Instructions\Readme.txt
	EndProjectSection
EndProject
Project("{2150E333-8FDC-42A3-9474-1A3956D46DE8}") = "Sources", "Sources", "{D26B4A21-E8A9-4725-AD9E-2355C0B550F0}"
EndProject
Project("{9A19103F-16F7-4668-BE54-9A1E7A4F7556}") = "CosmosDB", "Liviu\CosmosDB\Sources\CosmosDB\CosmosDB.csproj", "{032B9E58-FB76-4442-AB6C-3F35B74107A3}"
EndProject
Project("{2150E333-8FDC-42A3-9474-1A3956D46DE8}") = "StorageAccount", "StorageAccount", "{90FA9FA8-2783-483D-9968-E57D90B4296E}"
EndProject
Project("{2150E333-8FDC-42A3-9474-1A3956D46DE8}") = "Notes&Instructions", "Notes&Instructions", "{71A625B8-55C1-4492-86E4-2A05A1E4E1D9}"
	ProjectSection(SolutionItems) = preProject
		Liviu\StorageAccount\StorageAccountNotes.txt = Liviu\StorageAccount\StorageAccountNotes.txt
	EndProjectSection
EndProject
Project("{2150E333-8FDC-42A3-9474-1A3956D46DE8}") = "Sources", "Sources", "{63DE0F50-71D1-4498-BC85-A8DE535475F5}"
EndProject
Project("{9A19103F-16F7-4668-BE54-9A1E7A4F7556}") = "StorageAccountApp", "Liviu\StorageAccount\StorageAccountApp\StorageAccountApp.csproj", "{96C928A2-2B63-483D-A810-F75545BBFD03}"
EndProject
Project("{2150E333-8FDC-42A3-9474-1A3956D46DE8}") = "AzureSecurity", "AzureSecurity", "{4A639ACC-4867-4101-9EF5-6024DAC6B0BF}"
EndProject
Project("{2150E333-8FDC-42A3-9474-1A3956D46DE8}") = "Notes&Instructions", "Notes&Instructions", "{E2DB1555-AF3B-49B6-9CB0-2E7B272021E1}"
	ProjectSection(SolutionItems) = preProject
		Liviu\AzureAD\AuthenticationAndAuthorization.txt = Liviu\AzureAD\AuthenticationAndAuthorization.txt
		Liviu\AzureAD\AzureSecurity.txt = Liviu\AzureAD\AzureSecurity.txt
	EndProjectSection
EndProject
Project("{2150E333-8FDC-42A3-9474-1A3956D46DE8}") = "Sources", "Sources", "{FC868821-074F-4701-B815-AA46111F84B0}"
EndProject
Project("{9A19103F-16F7-4668-BE54-9A1E7A4F7556}") = "AzureSecurity", "Liviu\AzureAD\AzureSecurity\AzureSecurity.csproj", "{FCF21EF6-5E22-4679-B7C1-846C1672DCEF}"
EndProject
Project("{2150E333-8FDC-42A3-9474-1A3956D46DE8}") = "Labs", "Labs", "{7DF30B9B-E520-4F5F-95E2-52A903259BD5}"
	ProjectSection(SolutionItems) = preProject
		Carmen\Labs\Configuration.md = Carmen\Labs\Configuration.md
	EndProjectSection
EndProject
Project("{2150E333-8FDC-42A3-9474-1A3956D46DE8}") = "Images", "Images", "{B9328774-E9E6-42B4-A1DF-B4477DE545CF}"
	ProjectSection(SolutionItems) = preProject
		Carmen\Labs\Images\ApplicationFolder.PNG = Carmen\Labs\Images\ApplicationFolder.PNG
		Carmen\Labs\Images\DeploymentInTestFolder.PNG = Carmen\Labs\Images\DeploymentInTestFolder.PNG
		Carmen\Labs\Images\ErrorWhenPublish.PNG = Carmen\Labs\Images\ErrorWhenPublish.PNG
		Carmen\Labs\Images\IISLaunchApp.PNG = Carmen\Labs\Images\IISLaunchApp.PNG
		Carmen\Labs\Images\LinuxConfigOptions.PNG = Carmen\Labs\Images\LinuxConfigOptions.PNG
		Carmen\Labs\Images\SuccessfulDeploymentAppService.PNG = Carmen\Labs\Images\SuccessfulDeploymentAppService.PNG
		Carmen\Labs\Images\WindowsConfigOptions.PNG = Carmen\Labs\Images\WindowsConfigOptions.PNG
	EndProjectSection
EndProject
Project("{9A19103F-16F7-4668-BE54-9A1E7A4F7556}") = "AuthAzureApp", "Liviu\AzureAD\AuthAzureApp\AuthAzureApp.csproj", "{FAF97B6C-452B-4D8D-86C0-6CAE1F22BFC7}"
EndProject
Project("{9A19103F-16F7-4668-BE54-9A1E7A4F7556}") = "MyWebApi", "Liviu\AzureAD\MyWebApi\MyWebApi.csproj", "{29B32F58-9550-41AD-912D-F984E1FEC9BD}"
EndProject
Project("{2150E333-8FDC-42A3-9474-1A3956D46DE8}") = "PostmanCalls", "PostmanCalls", "{88091778-D16B-4193-99A7-C7143C761D78}"
	ProjectSection(SolutionItems) = preProject
		Liviu\Postman\Collections\Az - 204.postman_collection.json = Liviu\Postman\Collections\Az - 204.postman_collection.json
		Liviu\Postman\Environments\AzureEnv.postman_environment.json = Liviu\Postman\Environments\AzureEnv.postman_environment.json
	EndProjectSection
EndProject
Global
	GlobalSection(SolutionConfigurationPlatforms) = preSolution
		Debug|Any CPU = Debug|Any CPU
		Release|Any CPU = Release|Any CPU
	EndGlobalSection
	GlobalSection(ProjectConfigurationPlatforms) = postSolution
		{3EC40DB1-EC16-4F9E-88F0-28CF127D3ED0}.Debug|Any CPU.ActiveCfg = Debug|Any CPU
		{3EC40DB1-EC16-4F9E-88F0-28CF127D3ED0}.Debug|Any CPU.Build.0 = Debug|Any CPU
		{3EC40DB1-EC16-4F9E-88F0-28CF127D3ED0}.Release|Any CPU.ActiveCfg = Release|Any CPU
		{3EC40DB1-EC16-4F9E-88F0-28CF127D3ED0}.Release|Any CPU.Build.0 = Release|Any CPU
		{032B9E58-FB76-4442-AB6C-3F35B74107A3}.Debug|Any CPU.ActiveCfg = Debug|Any CPU
		{032B9E58-FB76-4442-AB6C-3F35B74107A3}.Debug|Any CPU.Build.0 = Debug|Any CPU
		{032B9E58-FB76-4442-AB6C-3F35B74107A3}.Release|Any CPU.ActiveCfg = Release|Any CPU
		{032B9E58-FB76-4442-AB6C-3F35B74107A3}.Release|Any CPU.Build.0 = Release|Any CPU
		{96C928A2-2B63-483D-A810-F75545BBFD03}.Debug|Any CPU.ActiveCfg = Debug|Any CPU
		{96C928A2-2B63-483D-A810-F75545BBFD03}.Debug|Any CPU.Build.0 = Debug|Any CPU
		{96C928A2-2B63-483D-A810-F75545BBFD03}.Release|Any CPU.ActiveCfg = Release|Any CPU
		{96C928A2-2B63-483D-A810-F75545BBFD03}.Release|Any CPU.Build.0 = Release|Any CPU
		{FCF21EF6-5E22-4679-B7C1-846C1672DCEF}.Debug|Any CPU.ActiveCfg = Debug|Any CPU
		{FCF21EF6-5E22-4679-B7C1-846C1672DCEF}.Debug|Any CPU.Build.0 = Debug|Any CPU
		{FCF21EF6-5E22-4679-B7C1-846C1672DCEF}.Release|Any CPU.ActiveCfg = Release|Any CPU
		{FCF21EF6-5E22-4679-B7C1-846C1672DCEF}.Release|Any CPU.Build.0 = Release|Any CPU
		{FAF97B6C-452B-4D8D-86C0-6CAE1F22BFC7}.Debug|Any CPU.ActiveCfg = Debug|Any CPU
		{FAF97B6C-452B-4D8D-86C0-6CAE1F22BFC7}.Debug|Any CPU.Build.0 = Debug|Any CPU
		{FAF97B6C-452B-4D8D-86C0-6CAE1F22BFC7}.Release|Any CPU.ActiveCfg = Release|Any CPU
		{FAF97B6C-452B-4D8D-86C0-6CAE1F22BFC7}.Release|Any CPU.Build.0 = Release|Any CPU
		{29B32F58-9550-41AD-912D-F984E1FEC9BD}.Debug|Any CPU.ActiveCfg = Debug|Any CPU
		{29B32F58-9550-41AD-912D-F984E1FEC9BD}.Debug|Any CPU.Build.0 = Debug|Any CPU
		{29B32F58-9550-41AD-912D-F984E1FEC9BD}.Release|Any CPU.ActiveCfg = Release|Any CPU
		{29B32F58-9550-41AD-912D-F984E1FEC9BD}.Release|Any CPU.Build.0 = Release|Any CPU
	EndGlobalSection
	GlobalSection(SolutionProperties) = preSolution
		HideSolutionNode = FALSE
	EndGlobalSection
	GlobalSection(NestedProjects) = preSolution
		{3EC40DB1-EC16-4F9E-88F0-28CF127D3ED0} = {F05644B6-E194-4EAD-A6DC-EDA2FEA4E429}
		{BFB036CA-1816-418B-B97F-ADFA196EB2F9} = {49234E1A-B69F-4F5E-9BB4-566054E142AD}
		{7EC47984-F22D-472D-9871-C78FD2A20F20} = {BFB036CA-1816-418B-B97F-ADFA196EB2F9}
		{D26B4A21-E8A9-4725-AD9E-2355C0B550F0} = {BFB036CA-1816-418B-B97F-ADFA196EB2F9}
		{032B9E58-FB76-4442-AB6C-3F35B74107A3} = {D26B4A21-E8A9-4725-AD9E-2355C0B550F0}
		{90FA9FA8-2783-483D-9968-E57D90B4296E} = {49234E1A-B69F-4F5E-9BB4-566054E142AD}
		{71A625B8-55C1-4492-86E4-2A05A1E4E1D9} = {90FA9FA8-2783-483D-9968-E57D90B4296E}
		{63DE0F50-71D1-4498-BC85-A8DE535475F5} = {90FA9FA8-2783-483D-9968-E57D90B4296E}
		{96C928A2-2B63-483D-A810-F75545BBFD03} = {63DE0F50-71D1-4498-BC85-A8DE535475F5}
		{4A639ACC-4867-4101-9EF5-6024DAC6B0BF} = {49234E1A-B69F-4F5E-9BB4-566054E142AD}
		{E2DB1555-AF3B-49B6-9CB0-2E7B272021E1} = {4A639ACC-4867-4101-9EF5-6024DAC6B0BF}
		{FC868821-074F-4701-B815-AA46111F84B0} = {4A639ACC-4867-4101-9EF5-6024DAC6B0BF}
		{FCF21EF6-5E22-4679-B7C1-846C1672DCEF} = {FC868821-074F-4701-B815-AA46111F84B0}
		{7DF30B9B-E520-4F5F-95E2-52A903259BD5} = {F05644B6-E194-4EAD-A6DC-EDA2FEA4E429}
		{B9328774-E9E6-42B4-A1DF-B4477DE545CF} = {7DF30B9B-E520-4F5F-95E2-52A903259BD5}
		{FAF97B6C-452B-4D8D-86C0-6CAE1F22BFC7} = {FC868821-074F-4701-B815-AA46111F84B0}
		{29B32F58-9550-41AD-912D-F984E1FEC9BD} = {FC868821-074F-4701-B815-AA46111F84B0}
		{88091778-D16B-4193-99A7-C7143C761D78} = {49234E1A-B69F-4F5E-9BB4-566054E142AD}
	EndGlobalSection
	GlobalSection(ExtensibilityGlobals) = postSolution
		SolutionGuid = {C999FAEA-5E05-4D11-9E89-12C32B899FB4}
	EndGlobalSection
EndGlobal
