
Microsoft Visual Studio Solution File, Format Version 12.00
# Visual Studio Version 17
VisualStudioVersion = 17.5.33424.131
MinimumVisualStudioVersion = 10.0.40219.1
Project("{2150E333-8FDC-42A3-9474-1A3956D46DE8}") = "Carmen", "Carmen", "{F05644B6-E194-4EAD-A6DC-EDA2FEA4E429}"
EndProject
Project("{2150E333-8FDC-42A3-9474-1A3956D46DE8}") = "Crina", "Crina", "{FB2B2C23-55DB-4A30-83F4-125F23420297}"
	ProjectSection(SolutionItems) = preProject
		Crina\TODO.txt = Crina\TODO.txt
	EndProjectSection
EndProject
Project("{2150E333-8FDC-42A3-9474-1A3956D46DE8}") = "Liviu", "Liviu", "{49234E1A-B69F-4F5E-9BB4-566054E142AD}"
	ProjectSection(SolutionItems) = preProject
		Liviu\TODO.txt = Liviu\TODO.txt
	EndProjectSection
EndProject
Project("{2150E333-8FDC-42A3-9474-1A3956D46DE8}") = "Rares", "Rares", "{667C9E70-DD30-4BF1-8312-214F31575F2E}"
	ProjectSection(SolutionItems) = preProject
		Rares\TODO.txt = Rares\TODO.txt
	EndProjectSection
EndProject
Project("{FAE04EC0-301F-11D3-BF4B-00C04F79EFBC}") = "WebApp", "Carmen\WebApp\WebApp.csproj", "{3EC40DB1-EC16-4F9E-88F0-28CF127D3ED0}"
EndProject
Global
	GlobalSection(SolutionConfigurationPlatforms) = preSolution
		Debug|Any CPU = Debug|Any CPU
		Release|Any CPU = Release|Any CPU
	EndGlobalSection
	GlobalSection(ProjectConfigurationPlatforms) = postSolution
		{3EC40DB1-EC16-4F9E-88F0-28CF127D3ED0}.Debug|Any CPU.ActiveCfg = Debug|Any CPU
		{3EC40DB1-EC16-4F9E-88F0-28CF127D3ED0}.Debug|Any CPU.Build.0 = Debug|Any CPU
		{3EC40DB1-EC16-4F9E-88F0-28CF127D3ED0}.Release|Any CPU.ActiveCfg = Release|Any CPU
		{3EC40DB1-EC16-4F9E-88F0-28CF127D3ED0}.Release|Any CPU.Build.0 = Release|Any CPU
	EndGlobalSection
	GlobalSection(SolutionProperties) = preSolution
		HideSolutionNode = FALSE
	EndGlobalSection
	GlobalSection(NestedProjects) = preSolution
		{3EC40DB1-EC16-4F9E-88F0-28CF127D3ED0} = {F05644B6-E194-4EAD-A6DC-EDA2FEA4E429}
	EndGlobalSection
	GlobalSection(ExtensibilityGlobals) = postSolution
		SolutionGuid = {C999FAEA-5E05-4D11-9E89-12C32B899FB4}
	EndGlobalSection
EndGlobal
